
Microsoft Visual Studio Solution File, Format Version 12.00
# Visual Studio 15
VisualStudioVersion = 15.0.27130.2010
MinimumVisualStudioVersion = 10.0.40219.1
Project("{9A19103F-16F7-4668-BE54-9A1E7A4F7556}") = "NetCoreConsoleApp", "NetCoreConsoleApp\NetCoreConsoleApp.csproj", "{5D79AD26-E7F6-4E53-BF24-77FFD8D1BABA}"
EndProject
Project("{9A19103F-16F7-4668-BE54-9A1E7A4F7556}") = "XUnitTestProject1", "XUnitTestProject1\XUnitTestProject1.csproj", "{FA208DF1-9EF8-485A-94CC-6D206C614BFF}"
EndProject
Project("{9A19103F-16F7-4668-BE54-9A1E7A4F7556}") = "ConfigurationAndLogging", "ConfigurationAndLogging\ConfigurationAndLogging.csproj", "{10020473-432F-4DE6-B1AC-1256582B76F9}"
EndProject
Project("{9A19103F-16F7-4668-BE54-9A1E7A4F7556}") = "Hash", "Hash\Hash.csproj", "{CF8E6BF9-D8A9-443F-8F51-E31D4FAE5B7B}"
EndProject
Project("{9A19103F-16F7-4668-BE54-9A1E7A4F7556}") = "CommandLine", "CommandLine\CommandLine.csproj", "{73AD5A44-407A-49D0-BD92-1FCCD761549E}"
EndProject
Project("{9A19103F-16F7-4668-BE54-9A1E7A4F7556}") = "ConsoleApp1", "ConsoleApp1\ConsoleApp1.csproj", "{910F5AF0-FA98-4E82-BAF0-3CCAEEC9E7D1}"
EndProject
Project("{9A19103F-16F7-4668-BE54-9A1E7A4F7556}") = "ConsoleApp2", "ConsoleApp2\ConsoleApp2.csproj", "{2F062284-821C-49C4-AE4E-08917CE48974}"
EndProject
Project("{9A19103F-16F7-4668-BE54-9A1E7A4F7556}") = "EFCoreSqlite", "EFCoreSqlite\EFCoreSqlite.csproj", "{8F4A6250-5C1A-46D9-996C-ED9B59014555}"
EndProject
Project("{9A19103F-16F7-4668-BE54-9A1E7A4F7556}") = "Hardware", "Hardware\Hardware.csproj", "{68D5F3B3-25BF-458F-83CA-E7C51D86CAB8}"
EndProject
Project("{9A19103F-16F7-4668-BE54-9A1E7A4F7556}") = "Parse", "Parse\Parse.csproj", "{452FA009-B0CC-480B-AC5A-596A31C32386}"
EndProject
Global
	GlobalSection(SolutionConfigurationPlatforms) = preSolution
		Debug|Any CPU = Debug|Any CPU
		Release|Any CPU = Release|Any CPU
	EndGlobalSection
	GlobalSection(ProjectConfigurationPlatforms) = postSolution
		{5D79AD26-E7F6-4E53-BF24-77FFD8D1BABA}.Debug|Any CPU.ActiveCfg = Debug|Any CPU
		{5D79AD26-E7F6-4E53-BF24-77FFD8D1BABA}.Debug|Any CPU.Build.0 = Debug|Any CPU
		{5D79AD26-E7F6-4E53-BF24-77FFD8D1BABA}.Release|Any CPU.ActiveCfg = Release|Any CPU
		{5D79AD26-E7F6-4E53-BF24-77FFD8D1BABA}.Release|Any CPU.Build.0 = Release|Any CPU
		{FA208DF1-9EF8-485A-94CC-6D206C614BFF}.Debug|Any CPU.ActiveCfg = Debug|Any CPU
		{FA208DF1-9EF8-485A-94CC-6D206C614BFF}.Debug|Any CPU.Build.0 = Debug|Any CPU
		{FA208DF1-9EF8-485A-94CC-6D206C614BFF}.Release|Any CPU.ActiveCfg = Release|Any CPU
		{FA208DF1-9EF8-485A-94CC-6D206C614BFF}.Release|Any CPU.Build.0 = Release|Any CPU
		{10020473-432F-4DE6-B1AC-1256582B76F9}.Debug|Any CPU.ActiveCfg = Debug|Any CPU
		{10020473-432F-4DE6-B1AC-1256582B76F9}.Debug|Any CPU.Build.0 = Debug|Any CPU
		{10020473-432F-4DE6-B1AC-1256582B76F9}.Release|Any CPU.ActiveCfg = Release|Any CPU
		{10020473-432F-4DE6-B1AC-1256582B76F9}.Release|Any CPU.Build.0 = Release|Any CPU
		{CF8E6BF9-D8A9-443F-8F51-E31D4FAE5B7B}.Debug|Any CPU.ActiveCfg = Debug|Any CPU
		{CF8E6BF9-D8A9-443F-8F51-E31D4FAE5B7B}.Debug|Any CPU.Build.0 = Debug|Any CPU
		{CF8E6BF9-D8A9-443F-8F51-E31D4FAE5B7B}.Release|Any CPU.ActiveCfg = Release|Any CPU
		{CF8E6BF9-D8A9-443F-8F51-E31D4FAE5B7B}.Release|Any CPU.Build.0 = Release|Any CPU
		{73AD5A44-407A-49D0-BD92-1FCCD761549E}.Debug|Any CPU.ActiveCfg = Debug|Any CPU
		{73AD5A44-407A-49D0-BD92-1FCCD761549E}.Debug|Any CPU.Build.0 = Debug|Any CPU
		{73AD5A44-407A-49D0-BD92-1FCCD761549E}.Release|Any CPU.ActiveCfg = Release|Any CPU
		{73AD5A44-407A-49D0-BD92-1FCCD761549E}.Release|Any CPU.Build.0 = Release|Any CPU
		{910F5AF0-FA98-4E82-BAF0-3CCAEEC9E7D1}.Debug|Any CPU.ActiveCfg = Debug|Any CPU
		{910F5AF0-FA98-4E82-BAF0-3CCAEEC9E7D1}.Debug|Any CPU.Build.0 = Debug|Any CPU
		{910F5AF0-FA98-4E82-BAF0-3CCAEEC9E7D1}.Release|Any CPU.ActiveCfg = Release|Any CPU
		{910F5AF0-FA98-4E82-BAF0-3CCAEEC9E7D1}.Release|Any CPU.Build.0 = Release|Any CPU
		{2F062284-821C-49C4-AE4E-08917CE48974}.Debug|Any CPU.ActiveCfg = Debug|Any CPU
		{2F062284-821C-49C4-AE4E-08917CE48974}.Debug|Any CPU.Build.0 = Debug|Any CPU
		{2F062284-821C-49C4-AE4E-08917CE48974}.Release|Any CPU.ActiveCfg = Release|Any CPU
		{2F062284-821C-49C4-AE4E-08917CE48974}.Release|Any CPU.Build.0 = Release|Any CPU
		{8F4A6250-5C1A-46D9-996C-ED9B59014555}.Debug|Any CPU.ActiveCfg = Debug|Any CPU
		{8F4A6250-5C1A-46D9-996C-ED9B59014555}.Debug|Any CPU.Build.0 = Debug|Any CPU
		{8F4A6250-5C1A-46D9-996C-ED9B59014555}.Release|Any CPU.ActiveCfg = Release|Any CPU
		{8F4A6250-5C1A-46D9-996C-ED9B59014555}.Release|Any CPU.Build.0 = Release|Any CPU
		{68D5F3B3-25BF-458F-83CA-E7C51D86CAB8}.Debug|Any CPU.ActiveCfg = Debug|Any CPU
		{68D5F3B3-25BF-458F-83CA-E7C51D86CAB8}.Debug|Any CPU.Build.0 = Debug|Any CPU
		{68D5F3B3-25BF-458F-83CA-E7C51D86CAB8}.Release|Any CPU.ActiveCfg = Release|Any CPU
		{68D5F3B3-25BF-458F-83CA-E7C51D86CAB8}.Release|Any CPU.Build.0 = Release|Any CPU
		{452FA009-B0CC-480B-AC5A-596A31C32386}.Debug|Any CPU.ActiveCfg = Debug|Any CPU
		{452FA009-B0CC-480B-AC5A-596A31C32386}.Debug|Any CPU.Build.0 = Debug|Any CPU
		{452FA009-B0CC-480B-AC5A-596A31C32386}.Release|Any CPU.ActiveCfg = Release|Any CPU
		{452FA009-B0CC-480B-AC5A-596A31C32386}.Release|Any CPU.Build.0 = Release|Any CPU
	EndGlobalSection
	GlobalSection(SolutionProperties) = preSolution
		HideSolutionNode = FALSE
	EndGlobalSection
	GlobalSection(ExtensibilityGlobals) = postSolution
		SolutionGuid = {33DB5C98-6448-42E2-B8CD-29801FD5F594}
	EndGlobalSection
EndGlobal
