
Microsoft Visual Studio Solution File, Format Version 12.00
# Visual Studio 15
VisualStudioVersion = 15.0.26730.12
MinimumVisualStudioVersion = 10.0.40219.1
Project("{9A19103F-16F7-4668-BE54-9A1E7A4F7556}") = "NetCoreConsoleApp", "NetCoreConsoleApp\NetCoreConsoleApp.csproj", "{5D79AD26-E7F6-4E53-BF24-77FFD8D1BABA}"
EndProject
Project("{9A19103F-16F7-4668-BE54-9A1E7A4F7556}") = "XUnitTestProject1", "XUnitTestProject1\XUnitTestProject1.csproj", "{FA208DF1-9EF8-485A-94CC-6D206C614BFF}"
EndProject
Project("{FAE04EC0-301F-11D3-BF4B-00C04F79EFBC}") = "ConfigurationAndLogging", "ConfigurationAndLogging\ConfigurationAndLogging.csproj", "{10020473-432F-4DE6-B1AC-1256582B76F9}"
EndProject
Global
	GlobalSection(SolutionConfigurationPlatforms) = preSolution
		Debug|Any CPU = Debug|Any CPU
		Release|Any CPU = Release|Any CPU
	EndGlobalSection
	GlobalSection(ProjectConfigurationPlatforms) = postSolution
		{5D79AD26-E7F6-4E53-BF24-77FFD8D1BABA}.Debug|Any CPU.ActiveCfg = Debug|Any CPU
		{5D79AD26-E7F6-4E53-BF24-77FFD8D1BABA}.Debug|Any CPU.Build.0 = Debug|Any CPU
		{5D79AD26-E7F6-4E53-BF24-77FFD8D1BABA}.Release|Any CPU.ActiveCfg = Release|Any CPU
		{5D79AD26-E7F6-4E53-BF24-77FFD8D1BABA}.Release|Any CPU.Build.0 = Release|Any CPU
		{FA208DF1-9EF8-485A-94CC-6D206C614BFF}.Debug|Any CPU.ActiveCfg = Debug|Any CPU
		{FA208DF1-9EF8-485A-94CC-6D206C614BFF}.Debug|Any CPU.Build.0 = Debug|Any CPU
		{FA208DF1-9EF8-485A-94CC-6D206C614BFF}.Release|Any CPU.ActiveCfg = Release|Any CPU
		{FA208DF1-9EF8-485A-94CC-6D206C614BFF}.Release|Any CPU.Build.0 = Release|Any CPU
		{10020473-432F-4DE6-B1AC-1256582B76F9}.Debug|Any CPU.ActiveCfg = Debug|Any CPU
		{10020473-432F-4DE6-B1AC-1256582B76F9}.Debug|Any CPU.Build.0 = Debug|Any CPU
		{10020473-432F-4DE6-B1AC-1256582B76F9}.Release|Any CPU.ActiveCfg = Release|Any CPU
		{10020473-432F-4DE6-B1AC-1256582B76F9}.Release|Any CPU.Build.0 = Release|Any CPU
	EndGlobalSection
	GlobalSection(SolutionProperties) = preSolution
		HideSolutionNode = FALSE
	EndGlobalSection
	GlobalSection(ExtensibilityGlobals) = postSolution
		SolutionGuid = {33DB5C98-6448-42E2-B8CD-29801FD5F594}
	EndGlobalSection
EndGlobal
